
Microsoft Visual Studio Solution File, Format Version 12.00
# Visual Studio Version 16
VisualStudioVersion = 16.0.30204.135
MinimumVisualStudioVersion = 10.0.40219.1
Project("{9A19103F-16F7-4668-BE54-9A1E7A4F7556}") = "Hugo.Core.Common", "Hugo.Core.Common\Hugo.Core.Common.csproj", "{A89F750E-1F92-4AD5-802F-61E723ECACE5}"
EndProject
Project("{9A19103F-16F7-4668-BE54-9A1E7A4F7556}") = "Hugo.Core.DataModel", "Hugo.Core.DataModel\Hugo.Core.DataModel.csproj", "{E4221C49-64D1-4C74-B39E-53192EA29E1E}"
EndProject
Project("{9A19103F-16F7-4668-BE54-9A1E7A4F7556}") = "Hugo.Core.IRepository", "Hugo.Core.IRepository\Hugo.Core.IRepository.csproj", "{22F4F6F0-C8EF-45A3-B5F6-1F34E147D9C0}"
EndProject
Project("{9A19103F-16F7-4668-BE54-9A1E7A4F7556}") = "Hugo.Core.IService", "Hugo.Core.IService\Hugo.Core.IService.csproj", "{36B17319-6688-4227-9644-2FF16E3BDFF3}"
EndProject
Project("{9A19103F-16F7-4668-BE54-9A1E7A4F7556}") = "Hugo.Core.Repository", "Hugo.Core.Repository\Hugo.Core.Repository.csproj", "{CB80201E-9136-4C99-842E-000883C0298A}"
EndProject
Project("{9A19103F-16F7-4668-BE54-9A1E7A4F7556}") = "Hugo.Core.Service", "Hugo.Core.Service\Hugo.Core.Service.csproj", "{BC30B712-927C-4B87-AF51-6F8571E70593}"
EndProject
Project("{9A19103F-16F7-4668-BE54-9A1E7A4F7556}") = "Hugo.Core.WebApi", "Hugo.Core.WebApi\Hugo.Core.WebApi.csproj", "{85BEBF8F-D98A-4001-BD20-FCE2D54C0FDF}"
EndProject
Project("{2150E333-8FDC-42A3-9474-1A3956D46DE8}") = "0-公共核心", "0-公共核心", "{76FD61F6-0775-4BE4-A270-F35AC2832BBE}"
EndProject
Project("{2150E333-8FDC-42A3-9474-1A3956D46DE8}") = "1-数据模型", "1-数据模型", "{A38C17F0-BCCE-4784-A371-1993C9C876B2}"
EndProject
Project("{2150E333-8FDC-42A3-9474-1A3956D46DE8}") = "2-仓储持久", "2-仓储持久", "{4EDE7FE7-D572-4D23-B327-398313465FE7}"
EndProject
Project("{2150E333-8FDC-42A3-9474-1A3956D46DE8}") = "3-业务服务", "3-业务服务", "{B8DE218F-7FF2-4D07-B2A5-D6F9C6BB8A09}"
EndProject
Project("{2150E333-8FDC-42A3-9474-1A3956D46DE8}") = "4-应用访问", "4-应用访问", "{5C296445-889A-436A-8CD8-8E098F8FA57C}"
EndProject
Project("{9A19103F-16F7-4668-BE54-9A1E7A4F7556}") = "Hugo.Core.DataView", "Hugo.Core.DataView\Hugo.Core.DataView.csproj", "{6F50F2E1-E0EA-479D-A17C-78BE6BEC2404}"
EndProject
Project("{9A19103F-16F7-4668-BE54-9A1E7A4F7556}") = "Hugo.Core.AutoMapperProfile", "Hugo.Core.AutoMapperProfile\Hugo.Core.AutoMapperProfile.csproj", "{7B827758-1BCF-42A8-B540-960C13ADD151}"
EndProject
Project("{2150E333-8FDC-42A3-9474-1A3956D46DE8}") = "5-单元测试", "5-单元测试", "{1E3A5147-1951-4F45-95AE-B39450020056}"
EndProject
Project("{9A19103F-16F7-4668-BE54-9A1E7A4F7556}") = "Hugo.Core.MSTest", "Hugo.Core.MSTest\Hugo.Core.MSTest.csproj", "{61ADD4BC-611C-4BF9-9CCE-003F2289873A}"
EndProject
Project("{9A19103F-16F7-4668-BE54-9A1E7A4F7556}") = "Hugo.Core.XUnitTest", "Hugo.Core.XUnitTest\Hugo.Core.XUnitTest.csproj", "{E960CCFD-57E0-4CA7-8696-CF660D668716}"
EndProject
Project("{2150E333-8FDC-42A3-9474-1A3956D46DE8}") = "6-控制台", "6-控制台", "{A7282F85-6C2A-40F0-A0B6-CE63EF193A0E}"
EndProject
Project("{9A19103F-16F7-4668-BE54-9A1E7A4F7556}") = "Hugo.Core.ConsoleApp", "Hugo.Core.ConsoleApp\Hugo.Core.ConsoleApp.csproj", "{1FB3F1AD-DD84-4292-9F47-4460A39A5C93}"
EndProject
Project("{2150E333-8FDC-42A3-9474-1A3956D46DE8}") = "7-发布", "7-发布", "{BB921B77-6BDC-459D-B84E-58341412327E}"
	ProjectSection(SolutionItems) = preProject
		Hugo.Build.bat = Hugo.Build.bat
		Hugo.Publish.bat = Hugo.Publish.bat
		Hugo.Publish.Docker.sh = Hugo.Publish.Docker.sh
		Hugo.Publish.Linux.sh = Hugo.Publish.Linux.sh
	EndProjectSection
EndProject
Global
	GlobalSection(SolutionConfigurationPlatforms) = preSolution
		Debug|Any CPU = Debug|Any CPU
		Release|Any CPU = Release|Any CPU
	EndGlobalSection
	GlobalSection(ProjectConfigurationPlatforms) = postSolution
		{A89F750E-1F92-4AD5-802F-61E723ECACE5}.Debug|Any CPU.ActiveCfg = Debug|Any CPU
		{A89F750E-1F92-4AD5-802F-61E723ECACE5}.Debug|Any CPU.Build.0 = Debug|Any CPU
		{A89F750E-1F92-4AD5-802F-61E723ECACE5}.Release|Any CPU.ActiveCfg = Release|Any CPU
		{A89F750E-1F92-4AD5-802F-61E723ECACE5}.Release|Any CPU.Build.0 = Release|Any CPU
		{E4221C49-64D1-4C74-B39E-53192EA29E1E}.Debug|Any CPU.ActiveCfg = Debug|Any CPU
		{E4221C49-64D1-4C74-B39E-53192EA29E1E}.Debug|Any CPU.Build.0 = Debug|Any CPU
		{E4221C49-64D1-4C74-B39E-53192EA29E1E}.Release|Any CPU.ActiveCfg = Release|Any CPU
		{E4221C49-64D1-4C74-B39E-53192EA29E1E}.Release|Any CPU.Build.0 = Release|Any CPU
		{22F4F6F0-C8EF-45A3-B5F6-1F34E147D9C0}.Debug|Any CPU.ActiveCfg = Debug|Any CPU
		{22F4F6F0-C8EF-45A3-B5F6-1F34E147D9C0}.Debug|Any CPU.Build.0 = Debug|Any CPU
		{22F4F6F0-C8EF-45A3-B5F6-1F34E147D9C0}.Release|Any CPU.ActiveCfg = Release|Any CPU
		{22F4F6F0-C8EF-45A3-B5F6-1F34E147D9C0}.Release|Any CPU.Build.0 = Release|Any CPU
		{36B17319-6688-4227-9644-2FF16E3BDFF3}.Debug|Any CPU.ActiveCfg = Debug|Any CPU
		{36B17319-6688-4227-9644-2FF16E3BDFF3}.Debug|Any CPU.Build.0 = Debug|Any CPU
		{36B17319-6688-4227-9644-2FF16E3BDFF3}.Release|Any CPU.ActiveCfg = Release|Any CPU
		{36B17319-6688-4227-9644-2FF16E3BDFF3}.Release|Any CPU.Build.0 = Release|Any CPU
		{CB80201E-9136-4C99-842E-000883C0298A}.Debug|Any CPU.ActiveCfg = Debug|Any CPU
		{CB80201E-9136-4C99-842E-000883C0298A}.Debug|Any CPU.Build.0 = Debug|Any CPU
		{CB80201E-9136-4C99-842E-000883C0298A}.Release|Any CPU.ActiveCfg = Release|Any CPU
		{CB80201E-9136-4C99-842E-000883C0298A}.Release|Any CPU.Build.0 = Release|Any CPU
		{BC30B712-927C-4B87-AF51-6F8571E70593}.Debug|Any CPU.ActiveCfg = Debug|Any CPU
		{BC30B712-927C-4B87-AF51-6F8571E70593}.Debug|Any CPU.Build.0 = Debug|Any CPU
		{BC30B712-927C-4B87-AF51-6F8571E70593}.Release|Any CPU.ActiveCfg = Release|Any CPU
		{BC30B712-927C-4B87-AF51-6F8571E70593}.Release|Any CPU.Build.0 = Release|Any CPU
		{85BEBF8F-D98A-4001-BD20-FCE2D54C0FDF}.Debug|Any CPU.ActiveCfg = Debug|Any CPU
		{85BEBF8F-D98A-4001-BD20-FCE2D54C0FDF}.Debug|Any CPU.Build.0 = Debug|Any CPU
		{85BEBF8F-D98A-4001-BD20-FCE2D54C0FDF}.Release|Any CPU.ActiveCfg = Release|Any CPU
		{85BEBF8F-D98A-4001-BD20-FCE2D54C0FDF}.Release|Any CPU.Build.0 = Release|Any CPU
		{6F50F2E1-E0EA-479D-A17C-78BE6BEC2404}.Debug|Any CPU.ActiveCfg = Debug|Any CPU
		{6F50F2E1-E0EA-479D-A17C-78BE6BEC2404}.Debug|Any CPU.Build.0 = Debug|Any CPU
		{6F50F2E1-E0EA-479D-A17C-78BE6BEC2404}.Release|Any CPU.ActiveCfg = Release|Any CPU
		{6F50F2E1-E0EA-479D-A17C-78BE6BEC2404}.Release|Any CPU.Build.0 = Release|Any CPU
		{7B827758-1BCF-42A8-B540-960C13ADD151}.Debug|Any CPU.ActiveCfg = Debug|Any CPU
		{7B827758-1BCF-42A8-B540-960C13ADD151}.Debug|Any CPU.Build.0 = Debug|Any CPU
		{7B827758-1BCF-42A8-B540-960C13ADD151}.Release|Any CPU.ActiveCfg = Release|Any CPU
		{7B827758-1BCF-42A8-B540-960C13ADD151}.Release|Any CPU.Build.0 = Release|Any CPU
		{61ADD4BC-611C-4BF9-9CCE-003F2289873A}.Debug|Any CPU.ActiveCfg = Debug|Any CPU
		{61ADD4BC-611C-4BF9-9CCE-003F2289873A}.Debug|Any CPU.Build.0 = Debug|Any CPU
		{61ADD4BC-611C-4BF9-9CCE-003F2289873A}.Release|Any CPU.ActiveCfg = Release|Any CPU
		{61ADD4BC-611C-4BF9-9CCE-003F2289873A}.Release|Any CPU.Build.0 = Release|Any CPU
		{E960CCFD-57E0-4CA7-8696-CF660D668716}.Debug|Any CPU.ActiveCfg = Debug|Any CPU
		{E960CCFD-57E0-4CA7-8696-CF660D668716}.Debug|Any CPU.Build.0 = Debug|Any CPU
		{E960CCFD-57E0-4CA7-8696-CF660D668716}.Release|Any CPU.ActiveCfg = Release|Any CPU
		{E960CCFD-57E0-4CA7-8696-CF660D668716}.Release|Any CPU.Build.0 = Release|Any CPU
		{1FB3F1AD-DD84-4292-9F47-4460A39A5C93}.Debug|Any CPU.ActiveCfg = Debug|Any CPU
		{1FB3F1AD-DD84-4292-9F47-4460A39A5C93}.Debug|Any CPU.Build.0 = Debug|Any CPU
		{1FB3F1AD-DD84-4292-9F47-4460A39A5C93}.Release|Any CPU.ActiveCfg = Release|Any CPU
		{1FB3F1AD-DD84-4292-9F47-4460A39A5C93}.Release|Any CPU.Build.0 = Release|Any CPU
	EndGlobalSection
	GlobalSection(SolutionProperties) = preSolution
		HideSolutionNode = FALSE
	EndGlobalSection
	GlobalSection(NestedProjects) = preSolution
		{A89F750E-1F92-4AD5-802F-61E723ECACE5} = {76FD61F6-0775-4BE4-A270-F35AC2832BBE}
		{E4221C49-64D1-4C74-B39E-53192EA29E1E} = {A38C17F0-BCCE-4784-A371-1993C9C876B2}
		{22F4F6F0-C8EF-45A3-B5F6-1F34E147D9C0} = {4EDE7FE7-D572-4D23-B327-398313465FE7}
		{36B17319-6688-4227-9644-2FF16E3BDFF3} = {B8DE218F-7FF2-4D07-B2A5-D6F9C6BB8A09}
		{CB80201E-9136-4C99-842E-000883C0298A} = {4EDE7FE7-D572-4D23-B327-398313465FE7}
		{BC30B712-927C-4B87-AF51-6F8571E70593} = {B8DE218F-7FF2-4D07-B2A5-D6F9C6BB8A09}
		{85BEBF8F-D98A-4001-BD20-FCE2D54C0FDF} = {5C296445-889A-436A-8CD8-8E098F8FA57C}
		{6F50F2E1-E0EA-479D-A17C-78BE6BEC2404} = {A38C17F0-BCCE-4784-A371-1993C9C876B2}
		{7B827758-1BCF-42A8-B540-960C13ADD151} = {A38C17F0-BCCE-4784-A371-1993C9C876B2}
		{61ADD4BC-611C-4BF9-9CCE-003F2289873A} = {1E3A5147-1951-4F45-95AE-B39450020056}
		{E960CCFD-57E0-4CA7-8696-CF660D668716} = {1E3A5147-1951-4F45-95AE-B39450020056}
		{1FB3F1AD-DD84-4292-9F47-4460A39A5C93} = {A7282F85-6C2A-40F0-A0B6-CE63EF193A0E}
	EndGlobalSection
	GlobalSection(ExtensibilityGlobals) = postSolution
		SolutionGuid = {815D0E73-B858-46F1-86BD-B4729BDC22AC}
	EndGlobalSection
EndGlobal
